
Microsoft Visual Studio Solution File, Format Version 12.00
# Visual Studio 15
VisualStudioVersion = 15.0.28307.645
MinimumVisualStudioVersion = 10.0.40219.1
Project("{FAE04EC0-301F-11D3-BF4B-00C04F79EFBC}") = "Iguana.Tools.GenerateClass", "Src\2.Application\Iguana.Tools\Iguana.Tools.GenerateClass\Iguana.Tools.GenerateClass.csproj", "{86116A44-4484-4AF0-AEAF-8D39DC87432E}"
EndProject
Project("{FAE04EC0-301F-11D3-BF4B-00C04F79EFBC}") = "Iguana.Winform.UserControls", "Src\1.Presentation\Winform\Iguana.Winform.UserControls\Iguana.Winform.UserControls.csproj", "{69073955-9555-4FB9-AB84-F6FFE2A874A2}"
EndProject
Project("{FAE04EC0-301F-11D3-BF4B-00C04F79EFBC}") = "Iguana.Data", "Src\6.Foundation\Iguana.Data\Iguana.Data.csproj", "{6A63DAEC-3EDB-4690-8361-AD9023DF4492}"
EndProject
Project("{2150E333-8FDC-42A3-9474-1A3956D46DE8}") = "01.UserInterface", "01.UserInterface", "{6A01B5E7-1E33-4020-B93C-575CE62BB84B}"
EndProject
Project("{2150E333-8FDC-42A3-9474-1A3956D46DE8}") = "02.BusinessLogic", "02.BusinessLogic", "{2EA2C58C-7808-4600-B008-876F25759E3A}"
EndProject
Project("{2150E333-8FDC-42A3-9474-1A3956D46DE8}") = "05.Foundation", "05.Foundation", "{6B30B623-579B-4FD1-A801-59EC222128F8}"
EndProject
Project("{FAE04EC0-301F-11D3-BF4B-00C04F79EFBC}") = "Iguana.Winform.Common", "Src\1.Presentation\Winform\Iguana.Winform.Common\Iguana.Winform.Common.csproj", "{B21C7656-66D5-4B80-A17A-0CE0E5617134}"
EndProject
Project("{FAE04EC0-301F-11D3-BF4B-00C04F79EFBC}") = "Iguana.Core", "Src\6.Foundation\Iguana.Core\Iguana.Core.csproj", "{22A9B4E5-2903-4F41-A37F-554500852166}"
EndProject
Project("{2150E333-8FDC-42A3-9474-1A3956D46DE8}") = "04.Model", "04.Model", "{341F43FC-CC77-4F12-B1E0-47EA904750E6}"
EndProject
Project("{2150E333-8FDC-42A3-9474-1A3956D46DE8}") = "03.DataAccess", "03.DataAccess", "{02F069CF-2CDA-443B-ACC8-B5A5B30F8E14}"
EndProject
Project("{FAE04EC0-301F-11D3-BF4B-00C04F79EFBC}") = "Iguana.Winform.UserForms", "Src\1.Presentation\Winform\Iguana.Winform.UserForms\Iguana.Winform.UserForms.csproj", "{9499A990-CCF8-4F9F-8B25-2FD9ADF2692D}"
EndProject
Global
	GlobalSection(SolutionConfigurationPlatforms) = preSolution
		Debug|Any CPU = Debug|Any CPU
		Release|Any CPU = Release|Any CPU
	EndGlobalSection
	GlobalSection(ProjectConfigurationPlatforms) = postSolution
		{86116A44-4484-4AF0-AEAF-8D39DC87432E}.Debug|Any CPU.ActiveCfg = Debug|Any CPU
		{86116A44-4484-4AF0-AEAF-8D39DC87432E}.Debug|Any CPU.Build.0 = Debug|Any CPU
		{86116A44-4484-4AF0-AEAF-8D39DC87432E}.Release|Any CPU.ActiveCfg = Release|Any CPU
		{86116A44-4484-4AF0-AEAF-8D39DC87432E}.Release|Any CPU.Build.0 = Release|Any CPU
		{69073955-9555-4FB9-AB84-F6FFE2A874A2}.Debug|Any CPU.ActiveCfg = Debug|Any CPU
		{69073955-9555-4FB9-AB84-F6FFE2A874A2}.Debug|Any CPU.Build.0 = Debug|Any CPU
		{69073955-9555-4FB9-AB84-F6FFE2A874A2}.Release|Any CPU.ActiveCfg = Release|Any CPU
		{69073955-9555-4FB9-AB84-F6FFE2A874A2}.Release|Any CPU.Build.0 = Release|Any CPU
		{6A63DAEC-3EDB-4690-8361-AD9023DF4492}.Debug|Any CPU.ActiveCfg = Debug|Any CPU
		{6A63DAEC-3EDB-4690-8361-AD9023DF4492}.Debug|Any CPU.Build.0 = Debug|Any CPU
		{6A63DAEC-3EDB-4690-8361-AD9023DF4492}.Release|Any CPU.ActiveCfg = Release|Any CPU
		{6A63DAEC-3EDB-4690-8361-AD9023DF4492}.Release|Any CPU.Build.0 = Release|Any CPU
		{B21C7656-66D5-4B80-A17A-0CE0E5617134}.Debug|Any CPU.ActiveCfg = Debug|Any CPU
		{B21C7656-66D5-4B80-A17A-0CE0E5617134}.Debug|Any CPU.Build.0 = Debug|Any CPU
		{B21C7656-66D5-4B80-A17A-0CE0E5617134}.Release|Any CPU.ActiveCfg = Release|Any CPU
		{B21C7656-66D5-4B80-A17A-0CE0E5617134}.Release|Any CPU.Build.0 = Release|Any CPU
		{22A9B4E5-2903-4F41-A37F-554500852166}.Debug|Any CPU.ActiveCfg = Debug|Any CPU
		{22A9B4E5-2903-4F41-A37F-554500852166}.Debug|Any CPU.Build.0 = Debug|Any CPU
		{22A9B4E5-2903-4F41-A37F-554500852166}.Release|Any CPU.ActiveCfg = Release|Any CPU
		{22A9B4E5-2903-4F41-A37F-554500852166}.Release|Any CPU.Build.0 = Release|Any CPU
		{9499A990-CCF8-4F9F-8B25-2FD9ADF2692D}.Debug|Any CPU.ActiveCfg = Debug|Any CPU
		{9499A990-CCF8-4F9F-8B25-2FD9ADF2692D}.Debug|Any CPU.Build.0 = Debug|Any CPU
		{9499A990-CCF8-4F9F-8B25-2FD9ADF2692D}.Release|Any CPU.ActiveCfg = Release|Any CPU
		{9499A990-CCF8-4F9F-8B25-2FD9ADF2692D}.Release|Any CPU.Build.0 = Release|Any CPU
	EndGlobalSection
	GlobalSection(SolutionProperties) = preSolution
		HideSolutionNode = FALSE
	EndGlobalSection
	GlobalSection(NestedProjects) = preSolution
		{86116A44-4484-4AF0-AEAF-8D39DC87432E} = {6A01B5E7-1E33-4020-B93C-575CE62BB84B}
		{69073955-9555-4FB9-AB84-F6FFE2A874A2} = {6A01B5E7-1E33-4020-B93C-575CE62BB84B}
		{6A63DAEC-3EDB-4690-8361-AD9023DF4492} = {6B30B623-579B-4FD1-A801-59EC222128F8}
		{B21C7656-66D5-4B80-A17A-0CE0E5617134} = {6A01B5E7-1E33-4020-B93C-575CE62BB84B}
		{22A9B4E5-2903-4F41-A37F-554500852166} = {6B30B623-579B-4FD1-A801-59EC222128F8}
		{9499A990-CCF8-4F9F-8B25-2FD9ADF2692D} = {6A01B5E7-1E33-4020-B93C-575CE62BB84B}
	EndGlobalSection
	GlobalSection(ExtensibilityGlobals) = postSolution
		SolutionGuid = {FFEE5662-BFC7-4FF6-B15A-38780F74DAE1}
	EndGlobalSection
EndGlobal
